
Microsoft Visual Studio Solution File, Format Version 12.00
# Visual Studio Version 16
VisualStudioVersion = 16.0.30114.105
MinimumVisualStudioVersion = 10.0.40219.1
Project("{888888A0-9F3D-457C-B088-3A5042F75D52}") = "PythonApplication7", "PythonApplication7\PythonApplication7.pyproj", "{C48C6AC8-949A-4A6A-92F0-D9314C70CC1B}"
EndProject
Project("{888888A0-9F3D-457C-B088-3A5042F75D52}") = "PythonApplication1", "..\PythonApplication1\PythonApplication1\PythonApplication1.pyproj", "{2EE9A272-4306-4137-A143-F66307BC2187}"
EndProject
Global
	GlobalSection(SolutionConfigurationPlatforms) = preSolution
		Debug|Any CPU = Debug|Any CPU
		Release|Any CPU = Release|Any CPU
	EndGlobalSection
	GlobalSection(ProjectConfigurationPlatforms) = postSolution
		{C48C6AC8-949A-4A6A-92F0-D9314C70CC1B}.Debug|Any CPU.ActiveCfg = Debug|Any CPU
		{C48C6AC8-949A-4A6A-92F0-D9314C70CC1B}.Release|Any CPU.ActiveCfg = Release|Any CPU
		{2EE9A272-4306-4137-A143-F66307BC2187}.Debug|Any CPU.ActiveCfg = Debug|Any CPU
		{2EE9A272-4306-4137-A143-F66307BC2187}.Release|Any CPU.ActiveCfg = Release|Any CPU
	EndGlobalSection
	GlobalSection(SolutionProperties) = preSolution
		HideSolutionNode = FALSE
	EndGlobalSection
	GlobalSection(ExtensibilityGlobals) = postSolution
		SolutionGuid = {78E68E34-C20B-4B07-9E58-199944D60A08}
	EndGlobalSection
EndGlobal
